
Microsoft Visual Studio Solution File, Format Version 12.00
# Visual Studio Version 16
VisualStudioVersion = 16.0.31702.278
MinimumVisualStudioVersion = 10.0.40219.1
Project("{FAE04EC0-301F-11D3-BF4B-00C04F79EFBC}") = "SnakeLadderGame", "SnakeLadderGame\SnakeLadderGame.csproj", "{BE3971A0-ED40-46FC-B8D5-0C47C9E2854E}"
EndProject
Global
	GlobalSection(SolutionConfigurationPlatforms) = preSolution
		Debug|Any CPU = Debug|Any CPU
		Release|Any CPU = Release|Any CPU
	EndGlobalSection
	GlobalSection(ProjectConfigurationPlatforms) = postSolution
		{BE3971A0-ED40-46FC-B8D5-0C47C9E2854E}.Debug|Any CPU.ActiveCfg = Debug|Any CPU
		{BE3971A0-ED40-46FC-B8D5-0C47C9E2854E}.Debug|Any CPU.Build.0 = Debug|Any CPU
		{BE3971A0-ED40-46FC-B8D5-0C47C9E2854E}.Release|Any CPU.ActiveCfg = Release|Any CPU
		{BE3971A0-ED40-46FC-B8D5-0C47C9E2854E}.Release|Any CPU.Build.0 = Release|Any CPU
	EndGlobalSection
	GlobalSection(SolutionProperties) = preSolution
		HideSolutionNode = FALSE
	EndGlobalSection
	GlobalSection(ExtensibilityGlobals) = postSolution
		SolutionGuid = {91F618C1-7082-462F-9F9F-A9B952FFE574}
	EndGlobalSection
EndGlobal
